// !$*UTF8*$!
{
	archiveVersion = 1;
	classes = {
	};
	objectVersion = 48;
	objects = {

/* Begin PBXBuildFile section */
		ADC7CB6120A44EEB0056EB08 /* AppDelegate.swift in Sources */ = {isa = PBXBuildFile; fileRef = ADC7CB6020A44EEB0056EB08 /* AppDelegate.swift */; };
		ADC7CB6320A44EEB0056EB08 /* ViewController.swift in Sources */ = {isa = PBXBuildFile; fileRef = ADC7CB6220A44EEB0056EB08 /* ViewController.swift */; };
		ADC7CB6620A44EEB0056EB08 /* Main.storyboard in Resources */ = {isa = PBXBuildFile; fileRef = ADC7CB6420A44EEB0056EB08 /* Main.storyboard */; };
		ADC7CB6820A44EEB0056EB08 /* Assets.xcassets in Resources */ = {isa = PBXBuildFile; fileRef = ADC7CB6720A44EEB0056EB08 /* Assets.xcassets */; };
		ADC7CB6B20A44EEB0056EB08 /* LaunchScreen.storyboard in Resources */ = {isa = PBXBuildFile; fileRef = ADC7CB6920A44EEB0056EB08 /* LaunchScreen.storyboard */; };
		ADC7CB7620A44EEB0056EB08 /* FoodTrackerTests.swift in Sources */ = {isa = PBXBuildFile; fileRef = ADC7CB7520A44EEB0056EB08 /* FoodTrackerTests.swift */; };
		ADC7CB8120A44EEB0056EB08 /* FoodTrackerUITests.swift in Sources */ = {isa = PBXBuildFile; fileRef = ADC7CB8020A44EEB0056EB08 /* FoodTrackerUITests.swift */; };
/* End PBXBuildFile section */

/* Begin PBXContainerItemProxy section */
		ADC7CB7220A44EEB0056EB08 /* PBXContainerItemProxy */ = {
			isa = PBXContainerItemProxy;
			containerPortal = ADC7CB5520A44EEB0056EB08 /* Project object */;
			proxyType = 1;
			remoteGlobalIDString = ADC7CB5C20A44EEB0056EB08;
			remoteInfo = FoodTracker;
		};
		ADC7CB7D20A44EEB0056EB08 /* PBXContainerItemProxy */ = {
			isa = PBXContainerItemProxy;
			containerPortal = ADC7CB5520A44EEB0056EB08 /* Project object */;
			proxyType = 1;
			remoteGlobalIDString = ADC7CB5C20A44EEB0056EB08;
			remoteInfo = FoodTracker;
		};
/* End PBXContainerItemProxy section */

/* Begin PBXFileReference section */
		ADC7CB5D20A44EEB0056EB08 /* FoodTracker.app */ = {isa = PBXFileReference; explicitFileType = wrapper.application; includeInIndex = 0; path = FoodTracker.app; sourceTree = BUILT_PRODUCTS_DIR; };
		ADC7CB6020A44EEB0056EB08 /* AppDelegate.swift */ = {isa = PBXFileReference; lastKnownFileType = sourcecode.swift; path = AppDelegate.swift; sourceTree = "<group>"; };
		ADC7CB6220A44EEB0056EB08 /* ViewController.swift */ = {isa = PBXFileReference; lastKnownFileType = sourcecode.swift; path = ViewController.swift; sourceTree = "<group>"; };
		ADC7CB6520A44EEB0056EB08 /* Base */ = {isa = PBXFileReference; lastKnownFileType = file.storyboard; name = Base; path = Base.lproj/Main.storyboard; sourceTree = "<group>"; };
		ADC7CB6720A44EEB0056EB08 /* Assets.xcassets */ = {isa = PBXFileReference; lastKnownFileType = folder.assetcatalog; path = Assets.xcassets; sourceTree = "<group>"; };
		ADC7CB6A20A44EEB0056EB08 /* Base */ = {isa = PBXFileReference; lastKnownFileType = file.storyboard; name = Base; path = Base.lproj/LaunchScreen.storyboard; sourceTree = "<group>"; };
		ADC7CB6C20A44EEB0056EB08 /* Info.plist */ = {isa = PBXFileReference; lastKnownFileType = text.plist.xml; path = Info.plist; sourceTree = "<group>"; };
		ADC7CB7120A44EEB0056EB08 /* FoodTrackerTests.xctest */ = {isa = PBXFileReference; explicitFileType = wrapper.cfbundle; includeInIndex = 0; path = FoodTrackerTests.xctest; sourceTree = BUILT_PRODUCTS_DIR; };
		ADC7CB7520A44EEB0056EB08 /* FoodTrackerTests.swift */ = {isa = PBXFileReference; lastKnownFileType = sourcecode.swift; path = FoodTrackerTests.swift; sourceTree = "<group>"; };
		ADC7CB7720A44EEB0056EB08 /* Info.plist */ = {isa = PBXFileReference; lastKnownFileType = text.plist.xml; path = Info.plist; sourceTree = "<group>"; };
		ADC7CB7C20A44EEB0056EB08 /* FoodTrackerUITests.xctest */ = {isa = PBXFileReference; explicitFileType = wrapper.cfbundle; includeInIndex = 0; path = FoodTrackerUITests.xctest; sourceTree = BUILT_PRODUCTS_DIR; };
		ADC7CB8020A44EEB0056EB08 /* FoodTrackerUITests.swift */ = {isa = PBXFileReference; lastKnownFileType = sourcecode.swift; path = FoodTrackerUITests.swift; sourceTree = "<group>"; };
		ADC7CB8220A44EEB0056EB08 /* Info.plist */ = {isa = PBXFileReference; lastKnownFileType = text.plist.xml; path = Info.plist; sourceTree = "<group>"; };
/* End PBXFileReference section */

/* Begin PBXFrameworksBuildPhase section */
		ADC7CB5A20A44EEB0056EB08 /* Frameworks */ = {
			isa = PBXFrameworksBuildPhase;
			buildActionMask = 2147483647;
			files = (
			);
			runOnlyForDeploymentPostprocessing = 0;
		};
		ADC7CB6E20A44EEB0056EB08 /* Frameworks */ = {
			isa = PBXFrameworksBuildPhase;
			buildActionMask = 2147483647;
			files = (
			);
			runOnlyForDeploymentPostprocessing = 0;
		};
		ADC7CB7920A44EEB0056EB08 /* Frameworks */ = {
			isa = PBXFrameworksBuildPhase;
			buildActionMask = 2147483647;
			files = (
			);
			runOnlyForDeploymentPostprocessing = 0;
		};
/* End PBXFrameworksBuildPhase section */

/* Begin PBXGroup section */
		ADC7CB5420A44EEB0056EB08 = {
			isa = PBXGroup;
			children = (
				ADC7CB5F20A44EEB0056EB08 /* FoodTracker */,
				ADC7CB7420A44EEB0056EB08 /* FoodTrackerTests */,
				ADC7CB7F20A44EEB0056EB08 /* FoodTrackerUITests */,
				ADC7CB5E20A44EEB0056EB08 /* Products */,
			);
			sourceTree = "<group>";
		};
		ADC7CB5E20A44EEB0056EB08 /* Products */ = {
			isa = PBXGroup;
			children = (
				ADC7CB5D20A44EEB0056EB08 /* FoodTracker.app */,
				ADC7CB7120A44EEB0056EB08 /* FoodTrackerTests.xctest */,
				ADC7CB7C20A44EEB0056EB08 /* FoodTrackerUITests.xctest */,
			);
			name = Products;
			sourceTree = "<group>";
		};
		ADC7CB5F20A44EEB0056EB08 /* FoodTracker */ = {
			isa = PBXGroup;
			children = (
				ADC7CB6020A44EEB0056EB08 /* AppDelegate.swift */,
				ADC7CB6220A44EEB0056EB08 /* ViewController.swift */,
				ADC7CB6420A44EEB0056EB08 /* Main.storyboard */,
				ADC7CB6720A44EEB0056EB08 /* Assets.xcassets */,
				ADC7CB6920A44EEB0056EB08 /* LaunchScreen.storyboard */,
				ADC7CB6C20A44EEB0056EB08 /* Info.plist */,
			);
			path = FoodTracker;
			sourceTree = "<group>";
		};
		ADC7CB7420A44EEB0056EB08 /* FoodTrackerTests */ = {
			isa = PBXGroup;
			children = (
				ADC7CB7520A44EEB0056EB08 /* FoodTrackerTests.swift */,
				ADC7CB7720A44EEB0056EB08 /* Info.plist */,
			);
			path = FoodTrackerTests;
			sourceTree = "<group>";
		};
		ADC7CB7F20A44EEB0056EB08 /* FoodTrackerUITests */ = {
			isa = PBXGroup;
			children = (
				ADC7CB8020A44EEB0056EB08 /* FoodTrackerUITests.swift */,
				ADC7CB8220A44EEB0056EB08 /* Info.plist */,
			);
			path = FoodTrackerUITests;
			sourceTree = "<group>";
		};
/* End PBXGroup section */

/* Begin PBXNativeTarget section */
		ADC7CB5C20A44EEB0056EB08 /* FoodTracker */ = {
			isa = PBXNativeTarget;
			buildConfigurationList = ADC7CB8520A44EEB0056EB08 /* Build configuration list for PBXNativeTarget "FoodTracker" */;
			buildPhases = (
				ADC7CB5920A44EEB0056EB08 /* Sources */,
				ADC7CB5A20A44EEB0056EB08 /* Frameworks */,
				ADC7CB5B20A44EEB0056EB08 /* Resources */,
			);
			buildRules = (
			);
			dependencies = (
			);
			name = FoodTracker;
			productName = FoodTracker;
			productReference = ADC7CB5D20A44EEB0056EB08 /* FoodTracker.app */;
			productType = "com.apple.product-type.application";
		};
		ADC7CB7020A44EEB0056EB08 /* FoodTrackerTests */ = {
			isa = PBXNativeTarget;
			buildConfigurationList = ADC7CB8820A44EEB0056EB08 /* Build configuration list for PBXNativeTarget "FoodTrackerTests" */;
			buildPhases = (
				ADC7CB6D20A44EEB0056EB08 /* Sources */,
				ADC7CB6E20A44EEB0056EB08 /* Frameworks */,
				ADC7CB6F20A44EEB0056EB08 /* Resources */,
			);
			buildRules = (
			);
			dependencies = (
				ADC7CB7320A44EEB0056EB08 /* PBXTargetDependency */,
			);
			name = FoodTrackerTests;
			productName = FoodTrackerTests;
			productReference = ADC7CB7120A44EEB0056EB08 /* FoodTrackerTests.xctest */;
			productType = "com.apple.product-type.bundle.unit-test";
		};
		ADC7CB7B20A44EEB0056EB08 /* FoodTrackerUITests */ = {
			isa = PBXNativeTarget;
			buildConfigurationList = ADC7CB8B20A44EEB0056EB08 /* Build configuration list for PBXNativeTarget "FoodTrackerUITests" */;
			buildPhases = (
				ADC7CB7820A44EEB0056EB08 /* Sources */,
				ADC7CB7920A44EEB0056EB08 /* Frameworks */,
				ADC7CB7A20A44EEB0056EB08 /* Resources */,
			);
			buildRules = (
			);
			dependencies = (
				ADC7CB7E20A44EEB0056EB08 /* PBXTargetDependency */,
			);
			name = FoodTrackerUITests;
			productName = FoodTrackerUITests;
			productReference = ADC7CB7C20A44EEB0056EB08 /* FoodTrackerUITests.xctest */;
			productType = "com.apple.product-type.bundle.ui-testing";
		};
/* End PBXNativeTarget section */

/* Begin PBXProject section */
		ADC7CB5520A44EEB0056EB08 /* Project object */ = {
			isa = PBXProject;
			attributes = {
				LastSwiftUpdateCheck = 0920;
				LastUpgradeCheck = 0920;
				ORGANIZATIONNAME = SQIMI.Fabio;
				TargetAttributes = {
					ADC7CB5C20A44EEB0056EB08 = {
						CreatedOnToolsVersion = 9.2;
						ProvisioningStyle = Automatic;
					};
					ADC7CB7020A44EEB0056EB08 = {
						CreatedOnToolsVersion = 9.2;
						ProvisioningStyle = Automatic;
						TestTargetID = ADC7CB5C20A44EEB0056EB08;
					};
					ADC7CB7B20A44EEB0056EB08 = {
						CreatedOnToolsVersion = 9.2;
						ProvisioningStyle = Automatic;
						TestTargetID = ADC7CB5C20A44EEB0056EB08;
					};
				};
			};
			buildConfigurationList = ADC7CB5820A44EEB0056EB08 /* Build configuration list for PBXProject "FoodTracker" */;
			compatibilityVersion = "Xcode 8.0";
			developmentRegion = en;
			hasScannedForEncodings = 0;
			knownRegions = (
				en,
				Base,
			);
			mainGroup = ADC7CB5420A44EEB0056EB08;
			productRefGroup = ADC7CB5E20A44EEB0056EB08 /* Products */;
			projectDirPath = "";
			projectRoot = "";
			targets = (
				ADC7CB5C20A44EEB0056EB08 /* FoodTracker */,
				ADC7CB7020A44EEB0056EB08 /* FoodTrackerTests */,
				ADC7CB7B20A44EEB0056EB08 /* FoodTrackerUITests */,
			);
		};
/* End PBXProject section */

/* Begin PBXResourcesBuildPhase section */
		ADC7CB5B20A44EEB0056EB08 /* Resources */ = {
			isa = PBXResourcesBuildPhase;
			buildActionMask = 2147483647;
			files = (
				ADC7CB6B20A44EEB0056EB08 /* LaunchScreen.storyboard in Resources */,
				ADC7CB6820A44EEB0056EB08 /* Assets.xcassets in Resources */,
				ADC7CB6620A44EEB0056EB08 /* Main.storyboard in Resources */,
			);
			runOnlyForDeploymentPostprocessing = 0;
		};
		ADC7CB6F20A44EEB0056EB08 /* Resources */ = {
			isa = PBXResourcesBuildPhase;
			buildActionMask = 2147483647;
			files = (
			);
			runOnlyForDeploymentPostprocessing = 0;
		};
		ADC7CB7A20A44EEB0056EB08 /* Resources */ = {
			isa = PBXResourcesBuildPhase;
			buildActionMask = 2147483647;
			files = (
			);
			runOnlyForDeploymentPostprocessing = 0;
		};
/* End PBXResourcesBuildPhase section */

/* Begin PBXSourcesBuildPhase section */
		ADC7CB5920A44EEB0056EB08 /* Sources */ = {
			isa = PBXSourcesBuildPhase;
			buildActionMask = 2147483647;
			files = (
				ADC7CB6320A44EEB0056EB08 /* ViewController.swift in Sources */,
				ADC7CB6120A44EEB0056EB08 /* AppDelegate.swift in Sources */,
			);
			runOnlyForDeploymentPostprocessing = 0;
		};
		ADC7CB6D20A44EEB0056EB08 /* Sources */ = {
			isa = PBXSourcesBuildPhase;
			buildActionMask = 2147483647;
			files = (
				ADC7CB7620A44EEB0056EB08 /* FoodTrackerTests.swift in Sources */,
			);
			runOnlyForDeploymentPostprocessing = 0;
		};
		ADC7CB7820A44EEB0056EB08 /* Sources */ = {
			isa = PBXSourcesBuildPhase;
			buildActionMask = 2147483647;
			files = (
				ADC7CB8120A44EEB0056EB08 /* FoodTrackerUITests.swift in Sources */,
			);
			runOnlyForDeploymentPostprocessing = 0;
		};
/* End PBXSourcesBuildPhase section */

/* Begin PBXTargetDependency section */
		ADC7CB7320A44EEB0056EB08 /* PBXTargetDependency */ = {
			isa = PBXTargetDependency;
			target = ADC7CB5C20A44EEB0056EB08 /* FoodTracker */;
			targetProxy = ADC7CB7220A44EEB0056EB08 /* PBXContainerItemProxy */;
		};
		ADC7CB7E20A44EEB0056EB08 /* PBXTargetDependency */ = {
			isa = PBXTargetDependency;
			target = ADC7CB5C20A44EEB0056EB08 /* FoodTracker */;
			targetProxy = ADC7CB7D20A44EEB0056EB08 /* PBXContainerItemProxy */;
		};
/* End PBXTargetDependency section */

/* Begin PBXVariantGroup section */
		ADC7CB6420A44EEB0056EB08 /* Main.storyboard */ = {
			isa = PBXVariantGroup;
			children = (
				ADC7CB6520A44EEB0056EB08 /* Base */,
			);
			name = Main.storyboard;
			sourceTree = "<group>";
		};
		ADC7CB6920A44EEB0056EB08 /* LaunchScreen.storyboard */ = {
			isa = PBXVariantGroup;
			children = (
				ADC7CB6A20A44EEB0056EB08 /* Base */,
			);
			name = LaunchScreen.storyboard;
			sourceTree = "<group>";
		};
/* End PBXVariantGroup section */

/* Begin XCBuildConfiguration section */
		ADC7CB8320A44EEB0056EB08 /* Debug */ = {
			isa = XCBuildConfiguration;
			buildSettings = {
				ALWAYS_SEARCH_USER_PATHS = NO;
				CLANG_ANALYZER_NONNULL = YES;
				CLANG_ANALYZER_NUMBER_OBJECT_CONVERSION = YES_AGGRESSIVE;
				CLANG_CXX_LANGUAGE_STANDARD = "gnu++14";
				CLANG_CXX_LIBRARY = "libc++";
				CLANG_ENABLE_MODULES = YES;
				CLANG_ENABLE_OBJC_ARC = YES;
				CLANG_WARN_BLOCK_CAPTURE_AUTORELEASING = YES;
				CLANG_WARN_BOOL_CONVERSION = YES;
				CLANG_WARN_COMMA = YES;
				CLANG_WARN_CONSTANT_CONVERSION = YES;
				CLANG_WARN_DIRECT_OBJC_ISA_USAGE = YES_ERROR;
				CLANG_WARN_DOCUMENTATION_COMMENTS = YES;
				CLANG_WARN_EMPTY_BODY = YES;
				CLANG_WARN_ENUM_CONVERSION = YES;
				CLANG_WARN_INFINITE_RECURSION = YES;
				CLANG_WARN_INT_CONVERSION = YES;
				CLANG_WARN_NON_LITERAL_NULL_CONVERSION = YES;
				CLANG_WARN_OBJC_LITERAL_CONVERSION = YES;
				CLANG_WARN_OBJC_ROOT_CLASS = YES_ERROR;
				CLANG_WARN_RANGE_LOOP_ANALYSIS = YES;
				CLANG_WARN_STRICT_PROTOTYPES = YES;
				CLANG_WARN_SUSPICIOUS_MOVE = YES;
				CLANG_WARN_UNGUARDED_AVAILABILITY = YES_AGGRESSIVE;
				CLANG_WARN_UNREACHABLE_CODE = YES;
				CLANG_WARN__DUPLICATE_METHOD_MATCH = YES;
				CODE_SIGN_IDENTITY = "iPhone Developer";
				COPY_PHASE_STRIP = NO;
				DEBUG_INFORMATION_FORMAT = dwarf;
				ENABLE_STRICT_OBJC_MSGSEND = YES;
				ENABLE_TESTABILITY = YES;
				GCC_C_LANGUAGE_STANDARD = gnu11;
				GCC_DYNAMIC_NO_PIC = NO;
				GCC_NO_COMMON_BLOCKS = YES;
				GCC_OPTIMIZATION_LEVEL = 0;
				GCC_PREPROCESSOR_DEFINITIONS = (
					"DEBUG=1",
					"$(inherited)",
				);
				GCC_WARN_64_TO_32_BIT_CONVERSION = YES;
				GCC_WARN_ABOUT_RETURN_TYPE = YES_ERROR;
				GCC_WARN_UNDECLARED_SELECTOR = YES;
				GCC_WARN_UNINITIALIZED_AUTOS = YES_AGGRESSIVE;
				GCC_WARN_UNUSED_FUNCTION = YES;
				GCC_WARN_UNUSED_VARIABLE = YES;
				IPHONEOS_DEPLOYMENT_TARGET = 11.2;
				MTL_ENABLE_DEBUG_INFO = YES;
				ONLY_ACTIVE_ARCH = YES;
				SDKROOT = iphoneos;
				SWIFT_ACTIVE_COMPILATION_CONDITIONS = DEBUG;
				SWIFT_OPTIMIZATION_LEVEL = "-Onone";
			};
			name = Debug;
		};
		ADC7CB8420A44EEB0056EB08 /* Release */ = {
			isa = XCBuildConfiguration;
			buildSettings = {
				ALWAYS_SEARCH_USER_PATHS = NO;
				CLANG_ANALYZER_NONNULL = YES;
				CLANG_ANALYZER_NUMBER_OBJECT_CONVERSION = YES_AGGRESSIVE;
				CLANG_CXX_LANGUAGE_STANDARD = "gnu++14";
				CLANG_CXX_LIBRARY = "libc++";
				CLANG_ENABLE_MODULES = YES;
				CLANG_ENABLE_OBJC_ARC = YES;
				CLANG_WARN_BLOCK_CAPTURE_AUTORELEASING = YES;
				CLANG_WARN_BOOL_CONVERSION = YES;
				CLANG_WARN_COMMA = YES;
				CLANG_WARN_CONSTANT_CONVERSION = YES;
				CLANG_WARN_DIRECT_OBJC_ISA_USAGE = YES_ERROR;
				CLANG_WARN_DOCUMENTATION_COMMENTS = YES;
				CLANG_WARN_EMPTY_BODY = YES;
				CLANG_WARN_ENUM_CONVERSION = YES;
				CLANG_WARN_INFINITE_RECURSION = YES;
				CLANG_WARN_INT_CONVERSION = YES;
				CLANG_WARN_NON_LITERAL_NULL_CONVERSION = YES;
				CLANG_WARN_OBJC_LITERAL_CONVERSION = YES;
				CLANG_WARN_OBJC_ROOT_CLASS = YES_ERROR;
				CLANG_WARN_RANGE_LOOP_ANALYSIS = YES;
				CLANG_WARN_STRICT_PROTOTYPES = YES;
				CLANG_WARN_SUSPICIOUS_MOVE = YES;
				CLANG_WARN_UNGUARDED_AVAILABILITY = YES_AGGRESSIVE;
				CLANG_WARN_UNREACHABLE_CODE = YES;
				CLANG_WARN__DUPLICATE_METHOD_MATCH = YES;
				CODE_SIGN_IDENTITY = "iPhone Developer";
				COPY_PHASE_STRIP = NO;
				DEBUG_INFORMATION_FORMAT = "dwarf-with-dsym";
				ENABLE_NS_ASSERTIONS = NO;
				ENABLE_STRICT_OBJC_MSGSEND = YES;
				GCC_C_LANGUAGE_STANDARD = gnu11;
				GCC_NO_COMMON_BLOCKS = YES;
				GCC_WARN_64_TO_32_BIT_CONVERSION = YES;
				GCC_WARN_ABOUT_RETURN_TYPE = YES_ERROR;
				GCC_WARN_UNDECLARED_SELECTOR = YES;
				GCC_WARN_UNINITIALIZED_AUTOS = YES_AGGRESSIVE;
				GCC_WARN_UNUSED_FUNCTION = YES;
				GCC_WARN_UNUSED_VARIABLE = YES;
				IPHONEOS_DEPLOYMENT_TARGET = 11.2;
				MTL_ENABLE_DEBUG_INFO = NO;
				SDKROOT = iphoneos;
				SWIFT_OPTIMIZATION_LEVEL = "-Owholemodule";
				VALIDATE_PRODUCT = YES;
			};
			name = Release;
		};
		ADC7CB8620A44EEB0056EB08 /* Debug */ = {
			isa = XCBuildConfiguration;
			buildSettings = {
				ASSETCATALOG_COMPILER_APPICON_NAME = AppIcon;
				CODE_SIGN_STYLE = Automatic;
				DEVELOPMENT_TEAM = F2CXVM5QST;
				INFOPLIST_FILE = FoodTracker/Info.plist;
				LD_RUNPATH_SEARCH_PATHS = "$(inherited) @executable_path/Frameworks";
				PRODUCT_BUNDLE_IDENTIFIER = SQIMI.FoodTracker;
				PRODUCT_NAME = "$(TARGET_NAME)";
				SWIFT_VERSION = 4.0;
				TARGETED_DEVICE_FAMILY = "1,2";
			};
			name = Debug;
		};
		ADC7CB8720A44EEB0056EB08 /* Release */ = {
			isa = XCBuildConfiguration;
			buildSettings = {
				ASSETCATALOG_COMPILER_APPICON_NAME = AppIcon;
				CODE_SIGN_STYLE = Automatic;
				DEVELOPMENT_TEAM = F2CXVM5QST;
				INFOPLIST_FILE = FoodTracker/Info.plist;
				LD_RUNPATH_SEARCH_PATHS = "$(inherited) @executable_path/Frameworks";
				PRODUCT_BUNDLE_IDENTIFIER = SQIMI.FoodTracker;
				PRODUCT_NAME = "$(TARGET_NAME)";
				SWIFT_VERSION = 4.0;
				TARGETED_DEVICE_FAMILY = "1,2";
			};
			name = Release;
		};
		ADC7CB8920A44EEB0056EB08 /* Debug */ = {
			isa = XCBuildConfiguration;
			buildSettings = {
				ALWAYS_EMBED_SWIFT_STANDARD_LIBRARIES = YES;
				BUNDLE_LOADER = "$(TEST_HOST)";
				CODE_SIGN_STYLE = Automatic;
				DEVELOPMENT_TEAM = F2CXVM5QST;
				INFOPLIST_FILE = FoodTrackerTests/Info.plist;
				LD_RUNPATH_SEARCH_PATHS = "$(inherited) @executable_path/Frameworks @loader_path/Frameworks";
				PRODUCT_BUNDLE_IDENTIFIER = SQIMI.FoodTrackerTests;
				PRODUCT_NAME = "$(TARGET_NAME)";
				SWIFT_VERSION = 4.0;
				TARGETED_DEVICE_FAMILY = "1,2";
				TEST_HOST = "$(BUILT_PRODUCTS_DIR)/FoodTracker.app/FoodTracker";
			};
			name = Debug;
		};
		ADC7CB8A20A44EEB0056EB08 /* Release */ = {
			isa = XCBuildConfiguration;
			buildSettings = {
				ALWAYS_EMBED_SWIFT_STANDARD_LIBRARIES = YES;
				BUNDLE_LOADER = "$(TEST_HOST)";
				CODE_SIGN_STYLE = Automatic;
				DEVELOPMENT_TEAM = F2CXVM5QST;
				INFOPLIST_FILE = FoodTrackerTests/Info.plist;
				LD_RUNPATH_SEARCH_PATHS = "$(inherited) @executable_path/Frameworks @loader_path/Frameworks";
				PRODUCT_BUNDLE_IDENTIFIER = SQIMI.FoodTrackerTests;
				PRODUCT_NAME = "$(TARGET_NAME)";
				SWIFT_VERSION = 4.0;
				TARGETED_DEVICE_FAMILY = "1,2";
				TEST_HOST = "$(BUILT_PRODUCTS_DIR)/FoodTracker.app/FoodTracker";
			};
			name = Release;
		};
		ADC7CB8C20A44EEB0056EB08 /* Debug */ = {
			isa = XCBuildConfiguration;
			buildSettings = {
				ALWAYS_EMBED_SWIFT_STANDARD_LIBRARIES = YES;
				CODE_SIGN_STYLE = Automatic;
				DEVELOPMENT_TEAM = F2CXVM5QST;
				INFOPLIST_FILE = FoodTrackerUITests/Info.plist;
				LD_RUNPATH_SEARCH_PATHS = "$(inherited) @executable_path/Frameworks @loader_path/Frameworks";
				PRODUCT_BUNDLE_IDENTIFIER = SQIMI.FoodTrackerUITests;
				PRODUCT_NAME = "$(TARGET_NAME)";
				SWIFT_VERSION = 4.0;
				TARGETED_DEVICE_FAMILY = "1,2";
				TEST_TARGET_NAME = FoodTracker;
			};
			name = Debug;
		};
		ADC7CB8D20A44EEB0056EB08 /* Release */ = {
			isa = XCBuildConfiguration;
			buildSettings = {
				ALWAYS_EMBED_SWIFT_STANDARD_LIBRARIES = YES;
				CODE_SIGN_STYLE = Automatic;
				DEVELOPMENT_TEAM = F2CXVM5QST;
				INFOPLIST_FILE = FoodTrackerUITests/Info.plist;
				LD_RUNPATH_SEARCH_PATHS = "$(inherited) @executable_path/Frameworks @loader_path/Frameworks";
				PRODUCT_BUNDLE_IDENTIFIER = SQIMI.FoodTrackerUITests;
				PRODUCT_NAME = "$(TARGET_NAME)";
				SWIFT_VERSION = 4.0;
				TARGETED_DEVICE_FAMILY = "1,2";
				TEST_TARGET_NAME = FoodTracker;
			};
			name = Release;
		};
/* End XCBuildConfiguration section */

/* Begin XCConfigurationList section */
		ADC7CB5820A44EEB0056EB08 /* Build configuration list for PBXProject "FoodTracker" */ = {
			isa = XCConfigurationList;
			buildConfigurations = (
				ADC7CB8320A44EEB0056EB08 /* Debug */,
				ADC7CB8420A44EEB0056EB08 /* Release */,
			);
			defaultConfigurationIsVisible = 0;
			defaultConfigurationName = Release;
		};
		ADC7CB8520A44EEB0056EB08 /* Build configuration list for PBXNativeTarget "FoodTracker" */ = {
			isa = XCConfigurationList;
			buildConfigurations = (
				ADC7CB8620A44EEB0056EB08 /* Debug */,
				ADC7CB8720A44EEB0056EB08 /* Release */,
			);
			defaultConfigurationIsVisible = 0;
			defaultConfigurationName = Release;
		};
		ADC7CB8820A44EEB0056EB08 /* Build configuration list for PBXNativeTarget "FoodTrackerTests" */ = {
			isa = XCConfigurationList;
			buildConfigurations = (
				ADC7CB8920A44EEB0056EB08 /* Debug */,
				ADC7CB8A20A44EEB0056EB08 /* Release */,
			);
			defaultConfigurationIsVisible = 0;
			defaultConfigurationName = Release;
		};
		ADC7CB8B20A44EEB0056EB08 /* Build configuration list for PBXNativeTarget "FoodTrackerUITests" */ = {
			isa = XCConfigurationList;
			buildConfigurations = (
				ADC7CB8C20A44EEB0056EB08 /* Debug */,
				ADC7CB8D20A44EEB0056EB08 /* Release */,
			);
			defaultConfigurationIsVisible = 0;
			defaultConfigurationName = Release;
		};
/* End XCConfigurationList section */
	};
	rootObject = ADC7CB5520A44EEB0056EB08 /* Project object */;
}
