// !$*UTF8*$!
{
	archiveVersion = 1;
	classes = {
	};
	objectVersion = 48;
	objects = {

/* Begin PBXBuildFile section */
		AD15284A20B40E1E00345C48 /* AppDelegate.swift in Sources */ = {isa = PBXBuildFile; fileRef = AD15284920B40E1E00345C48 /* AppDelegate.swift */; };
		AD15284C20B40E1E00345C48 /* FirstViewController.swift in Sources */ = {isa = PBXBuildFile; fileRef = AD15284B20B40E1E00345C48 /* FirstViewController.swift */; };
		AD15284E20B40E1E00345C48 /* SecondViewController.swift in Sources */ = {isa = PBXBuildFile; fileRef = AD15284D20B40E1E00345C48 /* SecondViewController.swift */; };
		AD15285120B40E1E00345C48 /* Main.storyboard in Resources */ = {isa = PBXBuildFile; fileRef = AD15284F20B40E1E00345C48 /* Main.storyboard */; };
		AD15285320B40E1E00345C48 /* Assets.xcassets in Resources */ = {isa = PBXBuildFile; fileRef = AD15285220B40E1E00345C48 /* Assets.xcassets */; };
		AD15285620B40E1E00345C48 /* LaunchScreen.storyboard in Resources */ = {isa = PBXBuildFile; fileRef = AD15285420B40E1E00345C48 /* LaunchScreen.storyboard */; };
		AD4704CF20B476FB00149783 /* DropDown.framework in Frameworks */ = {isa = PBXBuildFile; fileRef = AD4704D120B476FB00149783 /* DropDown.framework */; };
		AD4704D020B476FB00149783 /* Pods_SDKExample.framework in Frameworks */ = {isa = PBXBuildFile; fileRef = AD4704D220B476FB00149783 /* Pods_SDKExample.framework */; };
		ADCBE3FC20B59F3200BD5EE4 /* Alamofire.framework in Frameworks */ = {isa = PBXBuildFile; fileRef = ADCBE3FD20B59F3200BD5EE4 /* Alamofire.framework */; };
		ADCBE40320B5BDA700BD5EE4 /* Museum.swift in Sources */ = {isa = PBXBuildFile; fileRef = ADCBE40220B5BDA700BD5EE4 /* Museum.swift */; };
/* End PBXBuildFile section */

/* Begin PBXCopyFilesBuildPhase section */
		AD012F0C20B4700C006FE550 /* Embed Frameworks */ = {
			isa = PBXCopyFilesBuildPhase;
			buildActionMask = 2147483647;
			dstPath = "";
			dstSubfolderSpec = 10;
			files = (
			);
			name = "Embed Frameworks";
			runOnlyForDeploymentPostprocessing = 0;
		};
/* End PBXCopyFilesBuildPhase section */

/* Begin PBXFileReference section */
		AD15284620B40E1E00345C48 /* SDKExample.app */ = {isa = PBXFileReference; explicitFileType = wrapper.application; includeInIndex = 0; path = SDKExample.app; sourceTree = BUILT_PRODUCTS_DIR; };
		AD15284920B40E1E00345C48 /* AppDelegate.swift */ = {isa = PBXFileReference; lastKnownFileType = sourcecode.swift; path = AppDelegate.swift; sourceTree = "<group>"; };
		AD15284B20B40E1E00345C48 /* FirstViewController.swift */ = {isa = PBXFileReference; lastKnownFileType = sourcecode.swift; path = FirstViewController.swift; sourceTree = "<group>"; };
		AD15284D20B40E1E00345C48 /* SecondViewController.swift */ = {isa = PBXFileReference; lastKnownFileType = sourcecode.swift; path = SecondViewController.swift; sourceTree = "<group>"; };
		AD15285020B40E1E00345C48 /* Base */ = {isa = PBXFileReference; lastKnownFileType = file.storyboard; name = Base; path = Base.lproj/Main.storyboard; sourceTree = "<group>"; };
		AD15285220B40E1E00345C48 /* Assets.xcassets */ = {isa = PBXFileReference; lastKnownFileType = folder.assetcatalog; path = Assets.xcassets; sourceTree = "<group>"; };
		AD15285520B40E1E00345C48 /* Base */ = {isa = PBXFileReference; lastKnownFileType = file.storyboard; name = Base; path = Base.lproj/LaunchScreen.storyboard; sourceTree = "<group>"; };
		AD15285720B40E1E00345C48 /* Info.plist */ = {isa = PBXFileReference; lastKnownFileType = text.plist.xml; path = Info.plist; sourceTree = "<group>"; };
		AD4704D120B476FB00149783 /* DropDown.framework */ = {isa = PBXFileReference; explicitFileType = wrapper.framework; path = DropDown.framework; sourceTree = BUILT_PRODUCTS_DIR; };
		AD4704D220B476FB00149783 /* Pods_SDKExample.framework */ = {isa = PBXFileReference; explicitFileType = wrapper.framework; path = Pods_SDKExample.framework; sourceTree = BUILT_PRODUCTS_DIR; };
		ADCBE3FD20B59F3200BD5EE4 /* Alamofire.framework */ = {isa = PBXFileReference; explicitFileType = wrapper.framework; path = Alamofire.framework; sourceTree = BUILT_PRODUCTS_DIR; };
		ADCBE40220B5BDA700BD5EE4 /* Museum.swift */ = {isa = PBXFileReference; lastKnownFileType = sourcecode.swift; path = Museum.swift; sourceTree = "<group>"; };
		B7DDEFE234E79FB2FD66A8DF /* Pods-SDKExample.debug.xcconfig */ = {isa = PBXFileReference; includeInIndex = 1; lastKnownFileType = text.xcconfig; name = "Pods-SDKExample.debug.xcconfig"; path = "Pods/Target Support Files/Pods-SDKExample/Pods-SDKExample.debug.xcconfig"; sourceTree = "<group>"; };
		E11F245BFBA530F38429EA89 /* Pods-SDKExample.release.xcconfig */ = {isa = PBXFileReference; includeInIndex = 1; lastKnownFileType = text.xcconfig; name = "Pods-SDKExample.release.xcconfig"; path = "Pods/Target Support Files/Pods-SDKExample/Pods-SDKExample.release.xcconfig"; sourceTree = "<group>"; };
/* End PBXFileReference section */

/* Begin PBXFrameworksBuildPhase section */
		AD15284320B40E1E00345C48 /* Frameworks */ = {
			isa = PBXFrameworksBuildPhase;
			buildActionMask = 2147483647;
			files = (
				ADCBE3FC20B59F3200BD5EE4 /* Alamofire.framework in Frameworks */,
				AD4704CF20B476FB00149783 /* DropDown.framework in Frameworks */,
				AD4704D020B476FB00149783 /* Pods_SDKExample.framework in Frameworks */,
			);
			runOnlyForDeploymentPostprocessing = 0;
		};
/* End PBXFrameworksBuildPhase section */

/* Begin PBXGroup section */
		863954BBEE3B5D710FC1316D /* Pods */ = {
			isa = PBXGroup;
			children = (
				B7DDEFE234E79FB2FD66A8DF /* Pods-SDKExample.debug.xcconfig */,
				E11F245BFBA530F38429EA89 /* Pods-SDKExample.release.xcconfig */,
			);
			name = Pods;
			sourceTree = "<group>";
		};
		AD15283D20B40E1E00345C48 = {
			isa = PBXGroup;
			children = (
				AD4704CD20B476C700149783 /* Frameworks */,
				AD15284820B40E1E00345C48 /* SDKExample */,
				AD15284720B40E1E00345C48 /* Products */,
				863954BBEE3B5D710FC1316D /* Pods */,
			);
			sourceTree = "<group>";
		};
		AD15284720B40E1E00345C48 /* Products */ = {
			isa = PBXGroup;
			children = (
				AD15284620B40E1E00345C48 /* SDKExample.app */,
			);
			name = Products;
			sourceTree = "<group>";
		};
		AD15284820B40E1E00345C48 /* SDKExample */ = {
			isa = PBXGroup;
			children = (
				AD15284920B40E1E00345C48 /* AppDelegate.swift */,
				AD15284B20B40E1E00345C48 /* FirstViewController.swift */,
				AD15284D20B40E1E00345C48 /* SecondViewController.swift */,
				AD15284F20B40E1E00345C48 /* Main.storyboard */,
				ADCBE40220B5BDA700BD5EE4 /* Museum.swift */,
				AD15285220B40E1E00345C48 /* Assets.xcassets */,
				AD15285420B40E1E00345C48 /* LaunchScreen.storyboard */,
				AD15285720B40E1E00345C48 /* Info.plist */,
			);
			path = SDKExample;
			sourceTree = "<group>";
		};
		AD4704CD20B476C700149783 /* Frameworks */ = {
			isa = PBXGroup;
			children = (
				ADCBE3FD20B59F3200BD5EE4 /* Alamofire.framework */,
				AD4704D120B476FB00149783 /* DropDown.framework */,
				AD4704D220B476FB00149783 /* Pods_SDKExample.framework */,
			);
			path = Frameworks;
			sourceTree = "<group>";
		};
/* End PBXGroup section */

/* Begin PBXNativeTarget section */
		AD15284520B40E1E00345C48 /* SDKExample */ = {
			isa = PBXNativeTarget;
			buildConfigurationList = AD15285A20B40E1E00345C48 /* Build configuration list for PBXNativeTarget "SDKExample" */;
			buildPhases = (
				4D4AA1200269E150D5E018A3 /* [CP] Check Pods Manifest.lock */,
				AD15284220B40E1E00345C48 /* Sources */,
				AD15284320B40E1E00345C48 /* Frameworks */,
				AD15284420B40E1E00345C48 /* Resources */,
				B1D0C9799DFB7EC87926A5C7 /* [CP] Embed Pods Frameworks */,
				AD012F0C20B4700C006FE550 /* Embed Frameworks */,
			);
			buildRules = (
			);
			dependencies = (
			);
			name = SDKExample;
			productName = SDKExample;
			productReference = AD15284620B40E1E00345C48 /* SDKExample.app */;
			productType = "com.apple.product-type.application";
		};
/* End PBXNativeTarget section */

/* Begin PBXProject section */
		AD15283E20B40E1E00345C48 /* Project object */ = {
			isa = PBXProject;
			attributes = {
				LastSwiftUpdateCheck = 0920;
				LastUpgradeCheck = 0920;
				ORGANIZATIONNAME = SQIMI.Fabio;
				TargetAttributes = {
					AD15284520B40E1E00345C48 = {
						CreatedOnToolsVersion = 9.2;
						ProvisioningStyle = Automatic;
					};
				};
			};
			buildConfigurationList = AD15284120B40E1E00345C48 /* Build configuration list for PBXProject "SDKExample" */;
			compatibilityVersion = "Xcode 8.0";
			developmentRegion = en;
			hasScannedForEncodings = 0;
			knownRegions = (
				en,
				Base,
			);
			mainGroup = AD15283D20B40E1E00345C48;
			productRefGroup = AD15284720B40E1E00345C48 /* Products */;
			projectDirPath = "";
			projectRoot = "";
			targets = (
				AD15284520B40E1E00345C48 /* SDKExample */,
			);
		};
/* End PBXProject section */

/* Begin PBXResourcesBuildPhase section */
		AD15284420B40E1E00345C48 /* Resources */ = {
			isa = PBXResourcesBuildPhase;
			buildActionMask = 2147483647;
			files = (
				AD15285620B40E1E00345C48 /* LaunchScreen.storyboard in Resources */,
				AD15285320B40E1E00345C48 /* Assets.xcassets in Resources */,
				AD15285120B40E1E00345C48 /* Main.storyboard in Resources */,
			);
			runOnlyForDeploymentPostprocessing = 0;
		};
/* End PBXResourcesBuildPhase section */

/* Begin PBXShellScriptBuildPhase section */
		4D4AA1200269E150D5E018A3 /* [CP] Check Pods Manifest.lock */ = {
			isa = PBXShellScriptBuildPhase;
			buildActionMask = 2147483647;
			files = (
			);
			inputPaths = (
				"${PODS_PODFILE_DIR_PATH}/Podfile.lock",
				"${PODS_ROOT}/Manifest.lock",
			);
			name = "[CP] Check Pods Manifest.lock";
			outputPaths = (
				"$(DERIVED_FILE_DIR)/Pods-SDKExample-checkManifestLockResult.txt",
			);
			runOnlyForDeploymentPostprocessing = 0;
			shellPath = /bin/sh;
			shellScript = "diff \"${PODS_PODFILE_DIR_PATH}/Podfile.lock\" \"${PODS_ROOT}/Manifest.lock\" > /dev/null\nif [ $? != 0 ] ; then\n    # print error to STDERR\n    echo \"error: The sandbox is not in sync with the Podfile.lock. Run 'pod install' or update your CocoaPods installation.\" >&2\n    exit 1\nfi\n# This output is used by Xcode 'outputs' to avoid re-running this script phase.\necho \"SUCCESS\" > \"${SCRIPT_OUTPUT_FILE_0}\"\n";
			showEnvVarsInLog = 0;
		};
		B1D0C9799DFB7EC87926A5C7 /* [CP] Embed Pods Frameworks */ = {
			isa = PBXShellScriptBuildPhase;
			buildActionMask = 2147483647;
			files = (
			);
			inputPaths = (
				"${SRCROOT}/Pods/Target Support Files/Pods-SDKExample/Pods-SDKExample-frameworks.sh",
				"${BUILT_PRODUCTS_DIR}/Alamofire/Alamofire.framework",
				"${BUILT_PRODUCTS_DIR}/DropDown/DropDown.framework",
				"${PODS_ROOT}/HEREMapsStarter/framework/NMAKit.framework",
				"${BUILT_PRODUCTS_DIR}/MBProgressHUD/MBProgressHUD.framework",
			);
			name = "[CP] Embed Pods Frameworks";
			outputPaths = (
				"${TARGET_BUILD_DIR}/${FRAMEWORKS_FOLDER_PATH}/Alamofire.framework",
				"${TARGET_BUILD_DIR}/${FRAMEWORKS_FOLDER_PATH}/DropDown.framework",
				"${TARGET_BUILD_DIR}/${FRAMEWORKS_FOLDER_PATH}/NMAKit.framework",
				"${TARGET_BUILD_DIR}/${FRAMEWORKS_FOLDER_PATH}/MBProgressHUD.framework",
			);
			runOnlyForDeploymentPostprocessing = 0;
			shellPath = /bin/sh;
			shellScript = "\"${SRCROOT}/Pods/Target Support Files/Pods-SDKExample/Pods-SDKExample-frameworks.sh\"\n";
			showEnvVarsInLog = 0;
		};
/* End PBXShellScriptBuildPhase section */

/* Begin PBXSourcesBuildPhase section */
		AD15284220B40E1E00345C48 /* Sources */ = {
			isa = PBXSourcesBuildPhase;
			buildActionMask = 2147483647;
			files = (
				AD15284E20B40E1E00345C48 /* SecondViewController.swift in Sources */,
				AD15284A20B40E1E00345C48 /* AppDelegate.swift in Sources */,
				AD15284C20B40E1E00345C48 /* FirstViewController.swift in Sources */,
				ADCBE40320B5BDA700BD5EE4 /* Museum.swift in Sources */,
			);
			runOnlyForDeploymentPostprocessing = 0;
		};
/* End PBXSourcesBuildPhase section */

/* Begin PBXVariantGroup section */
		AD15284F20B40E1E00345C48 /* Main.storyboard */ = {
			isa = PBXVariantGroup;
			children = (
				AD15285020B40E1E00345C48 /* Base */,
			);
			name = Main.storyboard;
			sourceTree = "<group>";
		};
		AD15285420B40E1E00345C48 /* LaunchScreen.storyboard */ = {
			isa = PBXVariantGroup;
			children = (
				AD15285520B40E1E00345C48 /* Base */,
			);
			name = LaunchScreen.storyboard;
			sourceTree = "<group>";
		};
/* End PBXVariantGroup section */

/* Begin XCBuildConfiguration section */
		AD15285820B40E1E00345C48 /* Debug */ = {
			isa = XCBuildConfiguration;
			buildSettings = {
				ALWAYS_SEARCH_USER_PATHS = NO;
				CLANG_ANALYZER_NONNULL = YES;
				CLANG_ANALYZER_NUMBER_OBJECT_CONVERSION = YES_AGGRESSIVE;
				CLANG_CXX_LANGUAGE_STANDARD = "gnu++14";
				CLANG_CXX_LIBRARY = "libc++";
				CLANG_ENABLE_MODULES = YES;
				CLANG_ENABLE_OBJC_ARC = YES;
				CLANG_WARN_BLOCK_CAPTURE_AUTORELEASING = YES;
				CLANG_WARN_BOOL_CONVERSION = YES;
				CLANG_WARN_COMMA = YES;
				CLANG_WARN_CONSTANT_CONVERSION = YES;
				CLANG_WARN_DIRECT_OBJC_ISA_USAGE = YES_ERROR;
				CLANG_WARN_DOCUMENTATION_COMMENTS = YES;
				CLANG_WARN_EMPTY_BODY = YES;
				CLANG_WARN_ENUM_CONVERSION = YES;
				CLANG_WARN_INFINITE_RECURSION = YES;
				CLANG_WARN_INT_CONVERSION = YES;
				CLANG_WARN_NON_LITERAL_NULL_CONVERSION = YES;
				CLANG_WARN_OBJC_LITERAL_CONVERSION = YES;
				CLANG_WARN_OBJC_ROOT_CLASS = YES_ERROR;
				CLANG_WARN_RANGE_LOOP_ANALYSIS = YES;
				CLANG_WARN_STRICT_PROTOTYPES = YES;
				CLANG_WARN_SUSPICIOUS_MOVE = YES;
				CLANG_WARN_UNGUARDED_AVAILABILITY = YES_AGGRESSIVE;
				CLANG_WARN_UNREACHABLE_CODE = YES;
				CLANG_WARN__DUPLICATE_METHOD_MATCH = YES;
				CODE_SIGN_IDENTITY = "iPhone Developer";
				COPY_PHASE_STRIP = NO;
				DEBUG_INFORMATION_FORMAT = dwarf;
				ENABLE_STRICT_OBJC_MSGSEND = YES;
				ENABLE_TESTABILITY = YES;
				GCC_C_LANGUAGE_STANDARD = gnu11;
				GCC_DYNAMIC_NO_PIC = NO;
				GCC_NO_COMMON_BLOCKS = YES;
				GCC_OPTIMIZATION_LEVEL = 0;
				GCC_PREPROCESSOR_DEFINITIONS = (
					"DEBUG=1",
					"$(inherited)",
				);
				GCC_WARN_64_TO_32_BIT_CONVERSION = YES;
				GCC_WARN_ABOUT_RETURN_TYPE = YES_ERROR;
				GCC_WARN_UNDECLARED_SELECTOR = YES;
				GCC_WARN_UNINITIALIZED_AUTOS = YES_AGGRESSIVE;
				GCC_WARN_UNUSED_FUNCTION = YES;
				GCC_WARN_UNUSED_VARIABLE = YES;
				IPHONEOS_DEPLOYMENT_TARGET = 11.2;
				MTL_ENABLE_DEBUG_INFO = YES;
				ONLY_ACTIVE_ARCH = YES;
				SDKROOT = iphoneos;
				SWIFT_ACTIVE_COMPILATION_CONDITIONS = DEBUG;
				SWIFT_OPTIMIZATION_LEVEL = "-Onone";
			};
			name = Debug;
		};
		AD15285920B40E1E00345C48 /* Release */ = {
			isa = XCBuildConfiguration;
			buildSettings = {
				ALWAYS_SEARCH_USER_PATHS = NO;
				CLANG_ANALYZER_NONNULL = YES;
				CLANG_ANALYZER_NUMBER_OBJECT_CONVERSION = YES_AGGRESSIVE;
				CLANG_CXX_LANGUAGE_STANDARD = "gnu++14";
				CLANG_CXX_LIBRARY = "libc++";
				CLANG_ENABLE_MODULES = YES;
				CLANG_ENABLE_OBJC_ARC = YES;
				CLANG_WARN_BLOCK_CAPTURE_AUTORELEASING = YES;
				CLANG_WARN_BOOL_CONVERSION = YES;
				CLANG_WARN_COMMA = YES;
				CLANG_WARN_CONSTANT_CONVERSION = YES;
				CLANG_WARN_DIRECT_OBJC_ISA_USAGE = YES_ERROR;
				CLANG_WARN_DOCUMENTATION_COMMENTS = YES;
				CLANG_WARN_EMPTY_BODY = YES;
				CLANG_WARN_ENUM_CONVERSION = YES;
				CLANG_WARN_INFINITE_RECURSION = YES;
				CLANG_WARN_INT_CONVERSION = YES;
				CLANG_WARN_NON_LITERAL_NULL_CONVERSION = YES;
				CLANG_WARN_OBJC_LITERAL_CONVERSION = YES;
				CLANG_WARN_OBJC_ROOT_CLASS = YES_ERROR;
				CLANG_WARN_RANGE_LOOP_ANALYSIS = YES;
				CLANG_WARN_STRICT_PROTOTYPES = YES;
				CLANG_WARN_SUSPICIOUS_MOVE = YES;
				CLANG_WARN_UNGUARDED_AVAILABILITY = YES_AGGRESSIVE;
				CLANG_WARN_UNREACHABLE_CODE = YES;
				CLANG_WARN__DUPLICATE_METHOD_MATCH = YES;
				CODE_SIGN_IDENTITY = "iPhone Developer";
				COPY_PHASE_STRIP = NO;
				DEBUG_INFORMATION_FORMAT = "dwarf-with-dsym";
				ENABLE_NS_ASSERTIONS = NO;
				ENABLE_STRICT_OBJC_MSGSEND = YES;
				GCC_C_LANGUAGE_STANDARD = gnu11;
				GCC_NO_COMMON_BLOCKS = YES;
				GCC_WARN_64_TO_32_BIT_CONVERSION = YES;
				GCC_WARN_ABOUT_RETURN_TYPE = YES_ERROR;
				GCC_WARN_UNDECLARED_SELECTOR = YES;
				GCC_WARN_UNINITIALIZED_AUTOS = YES_AGGRESSIVE;
				GCC_WARN_UNUSED_FUNCTION = YES;
				GCC_WARN_UNUSED_VARIABLE = YES;
				IPHONEOS_DEPLOYMENT_TARGET = 11.2;
				MTL_ENABLE_DEBUG_INFO = NO;
				SDKROOT = iphoneos;
				SWIFT_OPTIMIZATION_LEVEL = "-Owholemodule";
				VALIDATE_PRODUCT = YES;
			};
			name = Release;
		};
		AD15285B20B40E1E00345C48 /* Debug */ = {
			isa = XCBuildConfiguration;
			baseConfigurationReference = B7DDEFE234E79FB2FD66A8DF /* Pods-SDKExample.debug.xcconfig */;
			buildSettings = {
				ASSETCATALOG_COMPILER_APPICON_NAME = AppIcon;
				CODE_SIGN_STYLE = Automatic;
				DEVELOPMENT_TEAM = F2CXVM5QST;
				INFOPLIST_FILE = SDKExample/Info.plist;
				LD_RUNPATH_SEARCH_PATHS = "$(inherited) @executable_path/Frameworks";
				PRODUCT_BUNDLE_IDENTIFIER = SQIMI.SDKExample;
				PRODUCT_NAME = "$(TARGET_NAME)";
				SWIFT_VERSION = 4.0;
				TARGETED_DEVICE_FAMILY = "1,2";
			};
			name = Debug;
		};
		AD15285C20B40E1E00345C48 /* Release */ = {
			isa = XCBuildConfiguration;
			baseConfigurationReference = E11F245BFBA530F38429EA89 /* Pods-SDKExample.release.xcconfig */;
			buildSettings = {
				ASSETCATALOG_COMPILER_APPICON_NAME = AppIcon;
				CODE_SIGN_STYLE = Automatic;
				DEVELOPMENT_TEAM = F2CXVM5QST;
				INFOPLIST_FILE = SDKExample/Info.plist;
				LD_RUNPATH_SEARCH_PATHS = "$(inherited) @executable_path/Frameworks";
				PRODUCT_BUNDLE_IDENTIFIER = SQIMI.SDKExample;
				PRODUCT_NAME = "$(TARGET_NAME)";
				SWIFT_VERSION = 4.0;
				TARGETED_DEVICE_FAMILY = "1,2";
			};
			name = Release;
		};
/* End XCBuildConfiguration section */

/* Begin XCConfigurationList section */
		AD15284120B40E1E00345C48 /* Build configuration list for PBXProject "SDKExample" */ = {
			isa = XCConfigurationList;
			buildConfigurations = (
				AD15285820B40E1E00345C48 /* Debug */,
				AD15285920B40E1E00345C48 /* Release */,
			);
			defaultConfigurationIsVisible = 0;
			defaultConfigurationName = Release;
		};
		AD15285A20B40E1E00345C48 /* Build configuration list for PBXNativeTarget "SDKExample" */ = {
			isa = XCConfigurationList;
			buildConfigurations = (
				AD15285B20B40E1E00345C48 /* Debug */,
				AD15285C20B40E1E00345C48 /* Release */,
			);
			defaultConfigurationIsVisible = 0;
			defaultConfigurationName = Release;
		};
/* End XCConfigurationList section */
	};
	rootObject = AD15283E20B40E1E00345C48 /* Project object */;
}
